Microsoft Visual Studio Solution File, Format Version 12.00
# Visual Studio Version 17
VisualStudioVersion = 17.5.2.0
MinimumVisualStudioVersion = 10.0.40219.1
Project("{FAE04EC0-301F-11D3-BF4B-00C04F79EFBC}") = "Takamura.Web", "Takamura.Web.csproj", "{0116B7A3-38DB-51D6-8FF2-12C038D2B682}"
EndProject
Global
	GlobalSection(SolutionConfigurationPlatforms) = preSolution
		Debug|Any CPU = Debug|Any CPU
		Release|Any CPU = Release|Any CPU
	EndGlobalSection
	GlobalSection(ProjectConfigurationPlatforms) = postSolution
		{0116B7A3-38DB-51D6-8FF2-12C038D2B682}.Debug|Any CPU.ActiveCfg = Debug|Any CPU
		{0116B7A3-38DB-51D6-8FF2-12C038D2B682}.Debug|Any CPU.Build.0 = Debug|Any CPU
		{0116B7A3-38DB-51D6-8FF2-12C038D2B682}.Release|Any CPU.ActiveCfg = Release|Any CPU
		{0116B7A3-38DB-51D6-8FF2-12C038D2B682}.Release|Any CPU.Build.0 = Release|Any CPU
	EndGlobalSection
	GlobalSection(SolutionProperties) = preSolution
		HideSolutionNode = FALSE
	EndGlobalSection
	GlobalSection(ExtensibilityGlobals) = postSolution
		SolutionGuid = {3F7CC0DD-E86C-42D0-AF7D-5850937DE801}
	EndGlobalSection
EndGlobal
